
Microsoft Visual Studio Solution File, Format Version 12.00
# Visual Studio Version 17
VisualStudioVersion = 17.10.35027.167
MinimumVisualStudioVersion = 10.0.40219.1
Project("{FAE04EC0-301F-11D3-BF4B-00C04F79EFBC}") = "ModMover.UI", "ModMover.UI\ModMover.UI.csproj", "{AB8E4C18-7A4A-4A12-B000-D05BE2EA3522}"
EndProject
Global
	GlobalSection(SolutionConfigurationPlatforms) = preSolution
		Debug|Any CPU = Debug|Any CPU
		Release|Any CPU = Release|Any CPU
	EndGlobalSection
	GlobalSection(ProjectConfigurationPlatforms) = postSolution
		{AB8E4C18-7A4A-4A12-B000-D05BE2EA3522}.Debug|Any CPU.ActiveCfg = Debug|Any CPU
		{AB8E4C18-7A4A-4A12-B000-D05BE2EA3522}.Debug|Any CPU.Build.0 = Debug|Any CPU
		{AB8E4C18-7A4A-4A12-B000-D05BE2EA3522}.Release|Any CPU.ActiveCfg = Release|Any CPU
		{AB8E4C18-7A4A-4A12-B000-D05BE2EA3522}.Release|Any CPU.Build.0 = Release|Any CPU
	EndGlobalSection
	GlobalSection(SolutionProperties) = preSolution
		HideSolutionNode = FALSE
	EndGlobalSection
	GlobalSection(ExtensibilityGlobals) = postSolution
		SolutionGuid = {701D170A-FC86-429A-8E45-E883D495C4CD}
	EndGlobalSection
EndGlobal
